
Microsoft Visual Studio Solution File, Format Version 12.00
# Visual Studio Version 17
VisualStudioVersion = 17.5.002.0
MinimumVisualStudioVersion = 10.0.40219.1
Project("{9A19103F-16F7-4668-BE54-9A1E7A4F7556}") = "albums-api", "albums-api\albums-api.csproj", "{665D86F0-F188-4101-8760-D8066163F187}"
EndProject
Global
	GlobalSection(SolutionConfigurationPlatforms) = preSolution
		Debug|Any CPU = Debug|Any CPU
		Release|Any CPU = Release|Any CPU
	EndGlobalSection
	GlobalSection(ProjectConfigurationPlatforms) = postSolution
		{665D86F0-F188-4101-8760-D8066163F187}.Debug|Any CPU.ActiveCfg = Debug|Any CPU
		{665D86F0-F188-4101-8760-D8066163F187}.Debug|Any CPU.Build.0 = Debug|Any CPU
		{665D86F0-F188-4101-8760-D8066163F187}.Release|Any CPU.ActiveCfg = Release|Any CPU
		{665D86F0-F188-4101-8760-D8066163F187}.Release|Any CPU.Build.0 = Release|Any CPU
	EndGlobalSection
	GlobalSection(SolutionProperties) = preSolution
		HideSolutionNode = FALSE
	EndGlobalSection
	GlobalSection(ExtensibilityGlobals) = postSolution
		SolutionGuid = {362CAAAD-68EA-4E0A-AE77-F0FBCCFA2BCD}
	EndGlobalSection
EndGlobal
